# This file is generated by running "yarn install" inside your project.
# Manual changes might be lost - proceed with caution!

__metadata:
  version: 4

"@solid-soda/scripts@workspace:.":
  version: 0.0.0-use.local
  resolution: "@solid-soda/scripts@workspace:."
  dependencies:
    "@yarnpkg/pnpify": ^2.0.0-rc.20
    chalk: ^4.0.0
    cross-spawn: ^7.0.2
    inquirer: ^7.1.0
    lodash: ^4.17.15
    mrm-core: ^4.1.0
  bin:
    scripts: ./bin/solid-scripts.js
  languageName: unknown
  linkType: soft

"@types/color-name@npm:^1.1.1":
  version: 1.1.1
  resolution: "@types/color-name@npm:1.1.1"
  checksum: 2/8311db94a9c4ecd247763b81e783ee49d87678b4ce6a7ee502e2bd5cea242b7357804a04855db009f713174bc654cc0c01c7303d40d757e5d710f5ac0368500f
  languageName: node
  linkType: hard

"@types/emscripten@npm:^1.38.0":
  version: 1.39.3
  resolution: "@types/emscripten@npm:1.39.3"
  checksum: 2/dd6453e0de7e5ec31850e021749a2ea6c25af9477d41cc973b1d6ce6cd14da97301d13da7a75e6161064800b0fcfb6c8e4be4b1b730039f724d8decd4e3b8fff
  languageName: node
  linkType: hard

"@yarnpkg/fslib@npm:^2.0.0-rc.17":
  version: 2.0.0-rc.17
  resolution: "@yarnpkg/fslib@npm:2.0.0-rc.17"
  dependencies:
    "@yarnpkg/libzip": ^2.0.0-rc.10
  checksum: 2/4e90a046f1645bac793c88811beb7da945af63cc9ce48930199714050c601adb52c7dab1dd3cac7d9fb200dbade4bcf15248925b98ccb3ed7546c339b9f66817
  languageName: node
  linkType: hard

"@yarnpkg/libzip@npm:^2.0.0-rc.10":
  version: 2.0.0-rc.10
  resolution: "@yarnpkg/libzip@npm:2.0.0-rc.10"
  dependencies:
    "@types/emscripten": ^1.38.0
  checksum: 2/95ae332b349eee4d53e0f098b7d1e4a399960d6661f33873f26cce47d32daa7e0cca7fbeb5f236aa17a20a1e5fd0d250e585267ec356df7732b6a835d934bd66
  languageName: node
  linkType: hard

"@yarnpkg/pnpify@npm:^2.0.0-rc.20":
  version: 2.0.0-rc.20
  resolution: "@yarnpkg/pnpify@npm:2.0.0-rc.20"
  dependencies:
    "@yarnpkg/fslib": ^2.0.0-rc.17
    chalk: ^3.0.0
    comment-json: ^2.2.0
    cross-spawn: 6.0.5
  peerDependencies:
    eslint: "*"
    typescript: "*"
  peerDependenciesMeta:
    eslint:
      optional: true
    typescript:
      optional: true
  bin:
    pnpify: ./lib/cli.js
  checksum: 2/26b1656ffe13ce6760b3abd94d6bbc0f63b567cb7cabecaf14517a61dc79cbefb09bd07732a300e922c3f4edc7c6119c4500f30f9fa39cd67194ae154c5accce
  languageName: node
  linkType: hard

"ansi-escapes@npm:^4.2.1":
  version: 4.3.1
  resolution: "ansi-escapes@npm:4.3.1"
  dependencies:
    type-fest: ^0.11.0
  checksum: 2/bcb39e57bd32af0236c4ded96aaf8ef5d86c5a4683762b0be998c68cd11d5afd93296f4b5e087a3557da82a899b7c4d081483d603a4d4647e6a6613bf1aded8a
  languageName: node
  linkType: hard

"ansi-regex@npm:^2.0.0":
  version: 2.1.1
  resolution: "ansi-regex@npm:2.1.1"
  checksum: 2/93a53c923fd433f67cd3d5647dffa6790f37bbfb924cf73ad23e28a8e414bde142d1da260d9a2be52ac4aa382063196880b1d40cf8b547642c746ed538ebf6c4
  languageName: node
  linkType: hard

"ansi-regex@npm:^5.0.0":
  version: 5.0.0
  resolution: "ansi-regex@npm:5.0.0"
  checksum: 2/cbd9b5c9dbbb4a949c2a6e93f1c6cc19f0683d8a4724d08d2158627be6d373f0f3ba1f4ada01dce7ee141f2ba2628fbbd29932c7d49926e3b630c7f329f3178b
  languageName: node
  linkType: hard

"ansi-styles@npm:^2.2.1":
  version: 2.2.1
  resolution: "ansi-styles@npm:2.2.1"
  checksum: 2/108c7496372982f1ee53f3f09975de89cc771d2f7c89a32d56ab7a542f67b7de97391c9c16b43b39eb7ea176d3cfbb15975b6b355ae827f15f5a457b1b9dec31
  languageName: node
  linkType: hard

"ansi-styles@npm:^4.1.0":
  version: 4.2.1
  resolution: "ansi-styles@npm:4.2.1"
  dependencies:
    "@types/color-name": ^1.1.1
    color-convert: ^2.0.1
  checksum: 2/c8c007d5dab7b4fea064c9ea318114e1f6fc714bb382d061ac09e66bc83c8f3ce12bb6354be01598722c14a5d710af280b7614d269354f80d2535946aefa82f4
  languageName: node
  linkType: hard

"argparse@npm:^1.0.7":
  version: 1.0.10
  resolution: "argparse@npm:1.0.10"
  dependencies:
    sprintf-js: ~1.0.2
  checksum: 2/435adaef5f6671c3ef1478a22be6fd54bdb99fdbbce8f5561b9cbbb05068ccce87b7df3b9f3322ff52a6ebb9cab2b427cbedac47a07611690a9beaa5184093e2
  languageName: node
  linkType: hard

"babel-code-frame@npm:^6.26.0":
  version: 6.26.0
  resolution: "babel-code-frame@npm:6.26.0"
  dependencies:
    chalk: ^1.1.3
    esutils: ^2.0.2
    js-tokens: ^3.0.2
  checksum: 2/cc2a799ccc341ad2db8aa90762b680bbca1e15893c3b28a328e974f46443110b8c56bad25554efe26f8955d19cfa2955b5f3068310ab8a818a9d7e875c90e8b4
  languageName: node
  linkType: hard

"balanced-match@npm:^1.0.0":
  version: 1.0.0
  resolution: "balanced-match@npm:1.0.0"
  checksum: 2/f515a605fe1b59f476f7477c5e1d53ad55b4f42982fca1d57b6701906f4ad1f1ac90fd6587d92cc1af2edb43eecf979214dd847ee410a6de9db4ebf0dd128d62
  languageName: node
  linkType: hard

"chalk@npm:^1.1.3":
  version: 1.1.3
  resolution: "chalk@npm:1.1.3"
  dependencies:
    ansi-styles: ^2.2.1
    escape-string-regexp: ^1.0.2
    has-ansi: ^2.0.0
    strip-ansi: ^3.0.0
    supports-color: ^2.0.0
  checksum: 2/bc2df54f6da63d0918254aa2d79dd87f75442e35c751b07f5ca37e5886dd0963472e37ee8c5fa6da27710fdfa0e10779c72be4a6c860c67e96769ba63ee2901e
  languageName: node
  linkType: hard

"chalk@npm:^3.0.0":
  version: 3.0.0
  resolution: "chalk@npm:3.0.0"
  dependencies:
    ansi-styles: ^4.1.0
    supports-color: ^7.1.0
  checksum: 2/4018b0c812880da595d0d7b8159939527b72f58d3370e2fdc1a24d9abd460bab851695d7eca014082f110d5702d1221b05493fec430ccce375de907d50cc48c1
  languageName: node
  linkType: hard

"chalk@npm:^4.0.0":
  version: 4.0.0
  resolution: "chalk@npm:4.0.0"
  dependencies:
    ansi-styles: ^4.1.0
    supports-color: ^7.1.0
  checksum: 2/12b01a228b5ca2f03a82684c62d54c06e2ba2f7b81dd08fac56c5b9288958dd24f9cae866e140df5c29cb736059cb4be0165157ebb0b15039cc1ea511a2dab60
  languageName: node
  linkType: hard

"chardet@npm:^0.7.0":
  version: 0.7.0
  resolution: "chardet@npm:0.7.0"
  checksum: 2/b71a4ee4648489291af86418b96247824a8c1ee4f4f95d6268967fb40e9fbf70500e72fb737d5186a23cf98c8a02b91d68cb2f426d7428e92883af9d31a037ec
  languageName: node
  linkType: hard

"cli-cursor@npm:^3.1.0":
  version: 3.1.0
  resolution: "cli-cursor@npm:3.1.0"
  dependencies:
    restore-cursor: ^3.1.0
  checksum: 2/15dbfc222f27da8cbc61680e4948b189e811224271f6ee5be9db0dcbabe23ae3b2c5a5663be6f17ee51f6203ab44abddd4f4cffb20d69458fc845fa86976f96a
  languageName: node
  linkType: hard

"cli-width@npm:^2.0.0":
  version: 2.2.0
  resolution: "cli-width@npm:2.2.0"
  checksum: 2/0b3c1d53b2771dcca960d57979076d8d9a2065bda154a78029fcc9151d18f83d679c15c82d00c24f1365b744449225e9a931397848451887721f129d8e51aaa2
  languageName: node
  linkType: hard

"color-convert@npm:^2.0.1":
  version: 2.0.1
  resolution: "color-convert@npm:2.0.1"
  dependencies:
    color-name: ~1.1.4
  checksum: 2/3d5d8a011a43012ca11b6d739049ecf2055d95582fd16ec44bf1e685eb0baa5cc652002be8a1dc92b429c8d87418287d0528266a7595cb1ad8a7f4f1d3049df2
  languageName: node
  linkType: hard

"color-name@npm:~1.1.4":
  version: 1.1.4
  resolution: "color-name@npm:1.1.4"
  checksum: 2/3e1c9a4dee12eada307436f61614dd11fe300469db2b83f80c8b7a7cd8a1015f0f18dd13403f018927b249003777ff60baba4a03c65f12e6bddc0dfd9642021f
  languageName: node
  linkType: hard

"commander@npm:^2.19.0":
  version: 2.20.3
  resolution: "commander@npm:2.20.3"
  checksum: 2/b73428e97de7624323f81ba13f8ed9271de487017432d18b4da3f07cfc528ad754bbd199004bd5d14e0ccd67d1fdfe0ec8dbbd4c438b401df3c4cc387bfd1daa
  languageName: node
  linkType: hard

"comment-json@npm:^2.2.0":
  version: 2.4.2
  resolution: "comment-json@npm:2.4.2"
  dependencies:
    core-util-is: ^1.0.2
    esprima: ^4.0.1
    has-own-prop: ^2.0.0
    repeat-string: ^1.6.1
  checksum: 2/80bc181741f7966946e09ba253e97a4709288acb65e8b30e641efbca0a1a2c79f31d4df6cd1412a17ddb3d1289f552ec13e1d3f983b42ac84de6344fd062cf3d
  languageName: node
  linkType: hard

"core-util-is@npm:^1.0.2":
  version: 1.0.2
  resolution: "core-util-is@npm:1.0.2"
  checksum: 2/089015ee3c462dfceba70faa1df83b42a7bb35db26dae6af283247b06fe3216c65fccd9f00eebcaf98300dc31e981d56aae9f90b624f8f6ff1153e235ff88b65
  languageName: node
  linkType: hard

"cross-spawn@npm:6.0.5":
  version: 6.0.5
  resolution: "cross-spawn@npm:6.0.5"
  dependencies:
    nice-try: ^1.0.4
    path-key: ^2.0.1
    semver: ^5.5.0
    shebang-command: ^1.2.0
    which: ^1.2.9
  checksum: 2/05fbbf957d9b81dc05fd799a238f6aacc2e7cc9783fff3f0e00439a97d6f269c90482571cbf1eeea17200fd119161a2d1f88aa49a8110b176e04f2a70825284f
  languageName: node
  linkType: hard

"cross-spawn@npm:^7.0.2":
  version: 7.0.2
  resolution: "cross-spawn@npm:7.0.2"
  dependencies:
    path-key: ^3.1.0
    shebang-command: ^2.0.0
    which: ^2.0.1
  checksum: 2/31ad173414e82588537fb00b7c14533c8cfcfbfc87b4eb61c8d12aeb77c89c9afd0f0ef0f5bbe8a5204f888b127c7d8fb42ad22eeab5ac93502aa5f119a09846
  languageName: node
  linkType: hard

"detect-indent@npm:^6.0.0":
  version: 6.0.0
  resolution: "detect-indent@npm:6.0.0"
  checksum: 2/ad0619414151942d278c06cd4b6b79feb96c16eebf4979ef1d03433941f1a85c9bba7daba73a73814d629923716169da5416bbc4290c232d53a2dc06f462da5f
  languageName: node
  linkType: hard

"editorconfig@npm:^0.15.3":
  version: 0.15.3
  resolution: "editorconfig@npm:0.15.3"
  dependencies:
    commander: ^2.19.0
    lru-cache: ^4.1.5
    semver: ^5.6.0
    sigmund: ^1.0.1
  bin:
    editorconfig: bin/editorconfig
  checksum: 2/ed8491cac424b93c00b9ead7b1d67267901bc87807b3f977b328f83f118018aa216225bd05fc1aa72a5b3e76fa93e19097ee7a0b9409779864a0ceef0ed2e0ea
  languageName: node
  linkType: hard

"emoji-regex@npm:^8.0.0":
  version: 8.0.0
  resolution: "emoji-regex@npm:8.0.0"
  checksum: 2/87cf3f89efb8ba028075b3dc1713e2c5609af94cbc129b1f00c3113d01dbe4bf85c9d971e75a98bf8a8508131727682ce929e4bd70e9022af4fd47d75e9507de
  languageName: node
  linkType: hard

"escape-string-regexp@npm:^1.0.2, escape-string-regexp@npm:^1.0.5":
  version: 1.0.5
  resolution: "escape-string-regexp@npm:1.0.5"
  checksum: 2/f9484b8b4c8827d816e0fd905c25ed4b561376a9c220e1430403ea84619bf680c76a883a48cff8b8e091daf55d6a497e37479f9787b9f15f3c421b6054289744
  languageName: node
  linkType: hard

"esprima@npm:^4.0.0, esprima@npm:^4.0.1":
  version: 4.0.1
  resolution: "esprima@npm:4.0.1"
  bin:
    esparse: ./bin/esparse.js
    esvalidate: ./bin/esvalidate.js
  checksum: 2/5df45a3d9c95c36800d028ba76d8d4e04e199932b58c2939f462f859fd583e7d39b4a12d3f97986cf272a28a5fe5948ee6e49e36ef63f67b5b48d82a635c5081
  languageName: node
  linkType: hard

"esutils@npm:^2.0.2":
  version: 2.0.3
  resolution: "esutils@npm:2.0.3"
  checksum: 2/590b04533177f8f6f0f352b3ac7da6c1c1e3d8375d8973972fba9c94558ca168685fd38319c3c6f4c37ba256df7494a7f15d8e761df1655af8a8f0027d988f8f
  languageName: node
  linkType: hard

"extend@npm:^3.0.0":
  version: 3.0.2
  resolution: "extend@npm:3.0.2"
  checksum: 2/1406da1f0c4b00b839497e4cdd0ec4303ce2ae349144b7c28064a5073c93ce8c08da4e8fb1bc5cb459ffcdff30a35fc0fe54344eb88320e70100c1baea6f195c
  languageName: node
  linkType: hard

"external-editor@npm:^3.0.3":
  version: 3.1.0
  resolution: "external-editor@npm:3.1.0"
  dependencies:
    chardet: ^0.7.0
    iconv-lite: ^0.4.24
    tmp: ^0.0.33
  checksum: 2/22163643f9938f4d46bab20ee0417cf1131aaf9ea4c546184d3668f689b8f7fc0d750b5a60857cb8ea09e4651b2c49fe30eb5a0903697e3c2d837da1e90d2d7c
  languageName: node
  linkType: hard

"figures@npm:^3.0.0":
  version: 3.2.0
  resolution: "figures@npm:3.2.0"
  dependencies:
    escape-string-regexp: ^1.0.5
  checksum: 2/6c8acb1c17c4d27eeb6ff06801b5ae39a999c4794ec50eacf858a1e32746d92af77a9a907c3e1865e2e6ac7d9f1aa765f0f8a01a16a4676b79b6e90a7cc23f44
  languageName: node
  linkType: hard

"find-up@npm:^4.1.0":
  version: 4.1.0
  resolution: "find-up@npm:4.1.0"
  dependencies:
    locate-path: ^5.0.0
    path-exists: ^4.0.0
  checksum: 2/d612d28e02eaca6cd7128fc9bc9b456e2547a3f9875b2b2ae2dbdc6b8cec52bc2885efcb3ac6c18954e838f4c8e20565d196784b190e1d38565f9dc39aade722
  languageName: node
  linkType: hard

"fs-extra@npm:^8.1.0":
  version: 8.1.0
  resolution: "fs-extra@npm:8.1.0"
  dependencies:
    graceful-fs: ^4.2.0
    jsonfile: ^4.0.0
    universalify: ^0.1.0
  checksum: 2/056a96d4f55ab8728b021e251175a4a6440d1edb5845e6c2e8e010019bde3e63de188a0eb99386c21c71804ca1a571cd6e08f507971f10a2bc4f4f7667720fa4
  languageName: node
  linkType: hard

"graceful-fs@npm:^4.1.6, graceful-fs@npm:^4.2.0":
  version: 4.2.3
  resolution: "graceful-fs@npm:4.2.3"
  checksum: 2/67b7e3f6a687c91287f17a2adfcce462406e2aa16ea4440618e1daaecd579ae6362c0b13303f86c77c165ed8074fa8b0868bb0a73173fa3407c2b747e89353f9
  languageName: node
  linkType: hard

"has-ansi@npm:^2.0.0":
  version: 2.0.0
  resolution: "has-ansi@npm:2.0.0"
  dependencies:
    ansi-regex: ^2.0.0
  checksum: 2/c6805f5d01ced45ba247ff2b8c914f401e70aa9086552d8eafbdf6bc0b0e38ea4a3bf1a387d100ff5f07e5854bca96532a01777820a16be2cdf8cf6582091bad
  languageName: node
  linkType: hard

"has-flag@npm:^4.0.0":
  version: 4.0.0
  resolution: "has-flag@npm:4.0.0"
  checksum: 2/2e5391139d3d287231ccb58659702392f6e3abeac3296fb4721afaff46493f3d9b99a9329ae015dfe973aa206ed5c75f43e86aec0267dce79aa5c2b6e811b3ad
  languageName: node
  linkType: hard

"has-own-prop@npm:^2.0.0":
  version: 2.0.0
  resolution: "has-own-prop@npm:2.0.0"
  checksum: 2/8513ff905297afb7b65f4e22012a2c8e20ab006067841015bf338cfd23019b6c7cec89b5192b4cb7eaaa2a5370d2474dc9a0bcfdfd71100c45b8d3be9882f45b
  languageName: node
  linkType: hard

"iconv-lite@npm:^0.4.24":
  version: 0.4.24
  resolution: "iconv-lite@npm:0.4.24"
  dependencies:
    safer-buffer: ">= 2.1.2 < 3"
  checksum: 2/a9b9521066ee81853a8561e92bd7240bc5d3b7d5ef7da807a475e7858b0246e318b6af518c30a20a8749ef5eafeaa9631079446e4e696c7b60f468b34dc2cbfc
  languageName: node
  linkType: hard

"inquirer@npm:^7.1.0":
  version: 7.1.0
  resolution: "inquirer@npm:7.1.0"
  dependencies:
    ansi-escapes: ^4.2.1
    chalk: ^3.0.0
    cli-cursor: ^3.1.0
    cli-width: ^2.0.0
    external-editor: ^3.0.3
    figures: ^3.0.0
    lodash: ^4.17.15
    mute-stream: 0.0.8
    run-async: ^2.4.0
    rxjs: ^6.5.3
    string-width: ^4.1.0
    strip-ansi: ^6.0.0
    through: ^2.3.6
  checksum: 2/651838e841b5850a10edb5232d8fda9b119f71b9aa53ff8e52457c29729d86338d52175b8c50f77d9311c4b5b367f9d2090acfc4c54b6d643df59130d66b197a
  languageName: node
  linkType: hard

"is-fullwidth-code-point@npm:^3.0.0":
  version: 3.0.0
  resolution: "is-fullwidth-code-point@npm:3.0.0"
  checksum: 2/a01a19ecac34386ae3a4e801c5639d6e31082d1ddc418e7cd96317fef3c8b24ec8531558e9d3d35b33551ab9c5cf20bf2cdefa583927b7ff60c27c8d7c216063
  languageName: node
  linkType: hard

"is-promise@npm:^2.1.0":
  version: 2.1.0
  resolution: "is-promise@npm:2.1.0"
  checksum: 2/3387cf8d8720439e3f8945e962ecf7590df81dfc89bcfea97f41b7db317c8997a82224014fc8f81e3634841f97b5bf103d8584d3ecdd7b6e159a793d8e3f6ad1
  languageName: node
  linkType: hard

"isexe@npm:^2.0.0":
  version: 2.0.0
  resolution: "isexe@npm:2.0.0"
  checksum: 2/7b437980bb77881a146fba85cfbdf01edc2b148673e9c2722a1e49661fea73adf524430a80fdbfb8ce9f60d43224e682c657c45030482bd39e0c488fc29b4afe
  languageName: node
  linkType: hard

"js-tokens@npm:^3.0.2":
  version: 3.0.2
  resolution: "js-tokens@npm:3.0.2"
  checksum: 2/81e634d5a909ba8294758ddca47a0c0cfee90e84cc14973c072a3a27456b387ed8def0f24aff7074c02c3ba47531f4ad8b58320f5f5c4216ef46257de5350568
  languageName: node
  linkType: hard

"js-yaml@npm:^3.13.1":
  version: 3.13.1
  resolution: "js-yaml@npm:3.13.1"
  dependencies:
    argparse: ^1.0.7
    esprima: ^4.0.0
  bin:
    js-yaml: bin/js-yaml.js
  checksum: 2/277157fdf235757b71cfbf24f6bef57576a26d9b4cf89b63d89c9044da7b0f9d16c3629c8b5fd549ae343523727a0df1598794e9a4429763cee4e17056ff8523
  languageName: node
  linkType: hard

"jsonfile@npm:^4.0.0":
  version: 4.0.0
  resolution: "jsonfile@npm:4.0.0"
  dependencies:
    graceful-fs: ^4.1.6
  dependenciesMeta:
    graceful-fs:
      optional: true
  checksum: 2/a40b7b64da41c84b0dc7ad753737ba240bb0dc50a94be20ec0b73459707dede69a6f89eb44b4d29e6994ed93ddf8c9b6e57f6b1f09dd707567959880ad6cee7f
  languageName: node
  linkType: hard

"kleur@npm:^3.0.3":
  version: 3.0.3
  resolution: "kleur@npm:3.0.3"
  checksum: 2/20ef0e37fb3f9aebbec8a75b61f547051aa61e3a6c51bd2678e77a11d69d73885a76966aea77f09c40677c7dfa274a5e16741ec89859213c9f798d4a96f77521
  languageName: node
  linkType: hard

"listify@npm:^1.0.0":
  version: 1.0.0
  resolution: "listify@npm:1.0.0"
  checksum: 2/a84b3acd5d0d67223643c0743f87be4e695f8337b21844cfdc005673594406955065898eb59c43e87ff5a4d6f44c7ccbcbd39a88d556be2b2d7be77d61743d20
  languageName: node
  linkType: hard

"locate-path@npm:^5.0.0":
  version: 5.0.0
  resolution: "locate-path@npm:5.0.0"
  dependencies:
    p-locate: ^4.1.0
  checksum: 2/c58f49d45c8672d0a290dea0ce41fcb27205b3f2d61452ba335ef3b42ad36c10c31b1f061b46d96dd4b81e9a00e8a2897bc124d75623b80a9f6d36b1e754a6b5
  languageName: node
  linkType: hard

"lodash@npm:^4.17.15":
  version: 4.17.15
  resolution: "lodash@npm:4.17.15"
  checksum: 2/aec3fbb7570aa67bda500b8299b1b1821d60646bede87f76a74dfcc7666ab3445267d734ec71424d70809d52ad67a1356fab5ab694a3faa1908d68e9d48f00f5
  languageName: node
  linkType: hard

"lru-cache@npm:^4.1.5":
  version: 4.1.5
  resolution: "lru-cache@npm:4.1.5"
  dependencies:
    pseudomap: ^1.0.2
    yallist: ^2.1.2
  checksum: 2/6a098d23629357451d4324e1e4fefccdd6df316df29e25571c6148220ced923258381ebeafdf919f90e28c780b650427390582618c1d5fe097873e656d062511
  languageName: node
  linkType: hard

"mimic-fn@npm:^2.1.0":
  version: 2.1.0
  resolution: "mimic-fn@npm:2.1.0"
  checksum: 2/f7d2d7febe3d7dd71da0700b1d455ec6c951a96b463ffcc303c93771b9fe4e45318152ea677c241505b19b39e41d906e5052cfb382d59a44bdb6d3d57f8b467b
  languageName: node
  linkType: hard

"minimist@npm:^1.2.0":
  version: 1.2.5
  resolution: "minimist@npm:1.2.5"
  checksum: 2/b77b8590147a4e217ff34266236bc39de23b52e6e33054076991ff674c7397a1380a7bde11111916f16f003a94aaa7e4f3d92595a32189644ff607fabc65a5b6
  languageName: node
  linkType: hard

"mrm-core@npm:^4.1.0":
  version: 4.1.0
  resolution: "mrm-core@npm:4.1.0"
  dependencies:
    babel-code-frame: ^6.26.0
    comment-json: ^2.2.0
    detect-indent: ^6.0.0
    editorconfig: ^0.15.3
    find-up: ^4.1.0
    fs-extra: ^8.1.0
    js-yaml: ^3.13.1
    kleur: ^3.0.3
    listify: ^1.0.0
    lodash: ^4.17.15
    minimist: ^1.2.0
    prop-ini: ^0.0.2
    readme-badger: ^0.3.0
    semver: ^6.3.0
    smpltmpl: ^1.0.2
    split-lines: ^2.0.0
    strip-bom: ^4.0.0
    webpack-merge: ^4.2.2
  checksum: 2/e18a2e11bc1d32cdd8db39c0fc88d363286a3be4af87da1ace85a0a27e0ea9bd922bff22b38c38c4f2d83fd6873fc8a7aa6cfa662bcbd227b0a85e5616df8ebc
  languageName: node
  linkType: hard

"mute-stream@npm:0.0.8":
  version: 0.0.8
  resolution: "mute-stream@npm:0.0.8"
  checksum: 2/315c40f463ec31deee54c5b8779207feb6b63dd4c58fe0f84ad46abdd6dac1ada578d53efde4a47b0ae4d29d453d35bb39ecdd98ee9ebf538929039a3a9945df
  languageName: node
  linkType: hard

"nice-try@npm:^1.0.4":
  version: 1.0.5
  resolution: "nice-try@npm:1.0.5"
  checksum: 2/330f190bf68146a560008b661e1ddbb2eac667c16990b6bf791516d89cceb707ec67901ad647d2b32674bfa816b916489cead5c2fb6e96864c659573ab5aa3bb
  languageName: node
  linkType: hard

"onetime@npm:^5.1.0":
  version: 5.1.0
  resolution: "onetime@npm:5.1.0"
  dependencies:
    mimic-fn: ^2.1.0
  checksum: 2/1781c3cf88afbdea849f00fc42dbb560fecf27169135326d615aa2781ae9bdd5a59af82b21d9c3ed348424ec097d2b764b15b43b807d099230d7b8803335a482
  languageName: node
  linkType: hard

"os-tmpdir@npm:~1.0.2":
  version: 1.0.2
  resolution: "os-tmpdir@npm:1.0.2"
  checksum: 2/ca158a3c2e48748adc7736cdbe4c593723f8ed8581d2aae2f2a30fdb9417d4ba14bed1cd487d47561898a7b1ece88bce69745e9ce0303e1dea9ea7d22d1f1082
  languageName: node
  linkType: hard

"p-limit@npm:^2.2.0":
  version: 2.3.0
  resolution: "p-limit@npm:2.3.0"
  dependencies:
    p-try: ^2.0.0
  checksum: 2/5f20492a25c5f93fca2930dbbf41fa1bee46ef70eaa6b49ad1f7b963f309e599bc40507e0a3a531eee4bcd10fec4dd4a63291d0e3b2d84ac97d7403d43d271a9
  languageName: node
  linkType: hard

"p-locate@npm:^4.1.0":
  version: 4.1.0
  resolution: "p-locate@npm:4.1.0"
  dependencies:
    p-limit: ^2.2.0
  checksum: 2/57f9abef0b29f02ff88c0936a392c9a1fbdd08169e636e0d85b7407c108014d71578c0c6fe93fa49b5bf3857b20d6f16b96389e2b356f7f599d4d2150505844f
  languageName: node
  linkType: hard

"p-try@npm:^2.0.0":
  version: 2.2.0
  resolution: "p-try@npm:2.2.0"
  checksum: 2/20983f3765466c1ab617ed153cb53b70ac5df828d854a3334d185e20b37f436e9096f12bc1b7fc96d8908dc927a3685172d3d89e755774f57b7103460c54dcc5
  languageName: node
  linkType: hard

"path-exists@npm:^4.0.0":
  version: 4.0.0
  resolution: "path-exists@npm:4.0.0"
  checksum: 2/6ab15000c5bea4f3e6e6b651983276e27ee42907ea29f5bd68f0d5c425c22f1664ab53c355099723f59b0bfd31aa52d29ea499e1843bf62543e045698f4c77b2
  languageName: node
  linkType: hard

"path-key@npm:^2.0.1":
  version: 2.0.1
  resolution: "path-key@npm:2.0.1"
  checksum: 2/7dc807a2baa11d6bc0fca72148a0a0ca69ab73d98fbe42e10d22764d1ef547767f2b4ff827c6bc66e733388cd8d54297a45a39499825b9fdfd18959202384029
  languageName: node
  linkType: hard

"path-key@npm:^3.1.0":
  version: 3.1.1
  resolution: "path-key@npm:3.1.1"
  checksum: 2/e44aa3ca9faed0440994883050143b1214fffb907bf3a7bbdba15dc84f60821617c0d84e4cc74e1d84e9274003da50427f54d739b0b47636bcbaff4ec71b9b86
  languageName: node
  linkType: hard

"prop-ini@npm:^0.0.2":
  version: 0.0.2
  resolution: "prop-ini@npm:0.0.2"
  dependencies:
    extend: ^3.0.0
  checksum: 2/03f480ac0507274f881cea6a299b2235676323547ba5ee987f236ecab34cb4eec6ecb4f69f903250850b5937dfa47dfe45be66d9dd2f48e7057a900c2e618a76
  languageName: node
  linkType: hard

"pseudomap@npm:^1.0.2":
  version: 1.0.2
  resolution: "pseudomap@npm:1.0.2"
  checksum: 2/1ad1802645e830d99f9c1db97efc6902d2316b660454633229f636dd59e751d00498dd325d3b18d49f2be990a2c9d28f8bfe6f9b544a8220a5faa2bfb4694bb7
  languageName: node
  linkType: hard

"readme-badger@npm:^0.3.0":
  version: 0.3.0
  resolution: "readme-badger@npm:0.3.0"
  dependencies:
    balanced-match: ^1.0.0
  checksum: 2/2dea764381b7159da5944d26d49d68dd24dd5539e2c34bb75686353469287cd82de5691baff28cb46b6f69247b24eca3987c93516f253033847268b311be612c
  languageName: node
  linkType: hard

"repeat-string@npm:^1.6.1":
  version: 1.6.1
  resolution: "repeat-string@npm:1.6.1"
  checksum: 2/99c431ba7bef7a5d39819d562ebca89206368b45f73213677a3b562e25b5dd272d9e6a2ca8105001df14b6fc8cc71f0b10258c86e16cf8a256318fac1ddc8a77
  languageName: node
  linkType: hard

"restore-cursor@npm:^3.1.0":
  version: 3.1.0
  resolution: "restore-cursor@npm:3.1.0"
  dependencies:
    onetime: ^5.1.0
    signal-exit: ^3.0.2
  checksum: 2/38e0af0830336dbc7d36b8d02e9194489dc52aaf64f41d02c427303a78552019434ad87082d67ce171a569a8be898caf7c70d5e17bd347cf6f7bd38d332d0bd4
  languageName: node
  linkType: hard

"run-async@npm:^2.4.0":
  version: 2.4.0
  resolution: "run-async@npm:2.4.0"
  dependencies:
    is-promise: ^2.1.0
  checksum: 2/1d806e363ef68703be17c0288a00c731618d0bba334f85b65741cfe482171c567a44e37c4bd6c0ab85f7359983281df6d3ed0fcb3088cbfdc912a3aa935f38e4
  languageName: node
  linkType: hard

"rxjs@npm:^6.5.3":
  version: 6.5.5
  resolution: "rxjs@npm:6.5.5"
  dependencies:
    tslib: ^1.9.0
  checksum: 2/a3882e0374af8aa32459ea9219fdcf24cb5a943cdf35f50da4ded48435ec474647c315b85c3e7b703927a55689e54037538cbd24789548d07b74e4865c4adb78
  languageName: node
  linkType: hard

"safer-buffer@npm:>= 2.1.2 < 3":
  version: 2.1.2
  resolution: "safer-buffer@npm:2.1.2"
  checksum: 2/549ba83f5b314b59898efe3422120ce1ca7987a6eae5925a5fa5db930dc414d4a9dde0a5594f89638cd6ea60b6840ea961872908933ac2428d1726489db46fa5
  languageName: node
  linkType: hard

"semver@npm:^5.5.0, semver@npm:^5.6.0":
  version: 5.7.1
  resolution: "semver@npm:5.7.1"
  bin:
    semver: ./bin/semver
  checksum: 2/06ff0ed753ebf741b7602be8faad620d6e160a2cb3f61019d00d919c8bca141638aa23c34da779b8595afdc9faa3678bfbb5f60366b6a4f65f98cf86605bbcdb
  languageName: node
  linkType: hard

"semver@npm:^6.3.0":
  version: 6.3.0
  resolution: "semver@npm:6.3.0"
  bin:
    semver: ./bin/semver.js
  checksum: 2/f0d155c06a67cc7e500c92d929339f1c6efd4ce9fe398aee6acc00a2333489cca0f5b4e76ee7292beba237fcca4b5a3d4a6153471f105f56299801bdab37289f
  languageName: node
  linkType: hard

"shebang-command@npm:^1.2.0":
  version: 1.2.0
  resolution: "shebang-command@npm:1.2.0"
  dependencies:
    shebang-regex: ^1.0.0
  checksum: 2/2a1e0092a6b80b14ec742ef4e982be8aa670edc7de3e8c68b26744fb535051f7d92518106387b52e9aabe0c1ceae33d23a7dfdb94c3d7f5035c3868b723a2854
  languageName: node
  linkType: hard

"shebang-command@npm:^2.0.0":
  version: 2.0.0
  resolution: "shebang-command@npm:2.0.0"
  dependencies:
    shebang-regex: ^3.0.0
  checksum: 2/85aa394d8cedeedf2e03524d6defef67a2b07d3a17d7ee50d4281d62d3fca898f26ebe7aa7bf674d51b80f197aa1d346bc1a10e8efb04377b534f4322c621012
  languageName: node
  linkType: hard

"shebang-regex@npm:^1.0.0":
  version: 1.0.0
  resolution: "shebang-regex@npm:1.0.0"
  checksum: 2/cf1a41cb09023e7d39739d7145fcba57c3fabc6728b78ce706f7315cf52dfadf30f7eea664e069224fbcbbfb6ab853bc55ac45f494b47ee73fc209c98487fae5
  languageName: node
  linkType: hard

"shebang-regex@npm:^3.0.0":
  version: 3.0.0
  resolution: "shebang-regex@npm:3.0.0"
  checksum: 2/ea18044ffaf18129ced5a246660a9171a7dff98999aaa9de8abb237d8a7711d8a1f76e16881399994ee429156717ce1c6a50c665bb18a4d55a7f80b9125b1f7d
  languageName: node
  linkType: hard

"sigmund@npm:^1.0.1":
  version: 1.0.1
  resolution: "sigmund@npm:1.0.1"
  checksum: 2/f1a6ed3c5477c5d38e43d700a8c80f3042fbffbaf98ca7aeab223f6b922d6786bdf3c51d971a19f04e044f12d97310902d1fe6a5ed9bcc41556c2a8eff0f421e
  languageName: node
  linkType: hard

"signal-exit@npm:^3.0.2":
  version: 3.0.3
  resolution: "signal-exit@npm:3.0.3"
  checksum: 2/f8f3fec95c8d1f9ad7e3cce07e1195f84e7a85cdcb4e825e8a2b76aa5406a039083d2bc9662b3cf40e6948262f41277047d20e6fbd58c77edced0b18fab647d8
  languageName: node
  linkType: hard

"smpltmpl@npm:^1.0.2":
  version: 1.0.2
  resolution: "smpltmpl@npm:1.0.2"
  dependencies:
    babel-code-frame: ^6.26.0
  checksum: 2/d57117ef887cfb03c7785150f2844e6168f2ed6c9c9074a7fa49ebae4b37088ea8ffc12cf6740af59829ee3a5d34d898fe662abe18dddc8abcd20c95c221b60f
  languageName: node
  linkType: hard

"split-lines@npm:^2.0.0":
  version: 2.0.0
  resolution: "split-lines@npm:2.0.0"
  checksum: 2/d0759983d4303f01ab94659c0173baad165e086823b1efe2e6c4a4e2b5fa9e6c2b27db45e3b996c9e21c8d320868b80587ef054078144c301c9ff55d05bc010f
  languageName: node
  linkType: hard

"sprintf-js@npm:~1.0.2":
  version: 1.0.3
  resolution: "sprintf-js@npm:1.0.3"
  checksum: 2/51df1bce9e577287f56822d79ac5bd94f6c634fccf193895f2a1d2db2e975b6aa7bc97afae9cf11d49b7c37fe4afc188ff5c4878be91f2c86eabd11c5df8b62c
  languageName: node
  linkType: hard

"string-width@npm:^4.1.0":
  version: 4.2.0
  resolution: "string-width@npm:4.2.0"
  dependencies:
    emoji-regex: ^8.0.0
    is-fullwidth-code-point: ^3.0.0
    strip-ansi: ^6.0.0
  checksum: 2/cf1e8acddf3d6d6e9e168628cc58cf1b33b1e7e801af2a0c18316e4e8beb62361eb9aad6eab2fc86de972ab149cb7262aedc2a5d0c2ce28873c91b171cce84d7
  languageName: node
  linkType: hard

"strip-ansi@npm:^3.0.0":
  version: 3.0.1
  resolution: "strip-ansi@npm:3.0.1"
  dependencies:
    ansi-regex: ^2.0.0
  checksum: 2/98772dcf440d08f65790ee38cd186b1f139fa69b430e75f9d9c11f97058662f82a22c2ba03a30f502f948958264e99051524fbf1819edaa8a8bbb909ece297da
  languageName: node
  linkType: hard

"strip-ansi@npm:^6.0.0":
  version: 6.0.0
  resolution: "strip-ansi@npm:6.0.0"
  dependencies:
    ansi-regex: ^5.0.0
  checksum: 2/10568c91cadbef182a807c38dfa718dce15a35b12fcc97b96b6b2029d0508ef66ca93fabddeb49482d9b027495d1e18591858e80f27ad26861c4967c60fd207f
  languageName: node
  linkType: hard

"strip-bom@npm:^4.0.0":
  version: 4.0.0
  resolution: "strip-bom@npm:4.0.0"
  checksum: 2/25a231aacba2c6ecf37d7389721ff214c7f979e97407c935eeb41f5c5513c80119aada86049408feab74d22e7f1b29d90c942d4d47a4e47868dd16daed035823
  languageName: node
  linkType: hard

"supports-color@npm:^2.0.0":
  version: 2.0.0
  resolution: "supports-color@npm:2.0.0"
  checksum: 2/5d6fb449e29f779cc639756f0d6b9ab6138048e753683cd2c647f36a9254714051909a5f569e6aa83c5310c8dfe8a1f481967e02bef401ac8eed46ee0950d779
  languageName: node
  linkType: hard

"supports-color@npm:^7.1.0":
  version: 7.1.0
  resolution: "supports-color@npm:7.1.0"
  dependencies:
    has-flag: ^4.0.0
  checksum: 2/6130f36b2a71f73014a6ef306bbaa5415d8daa5c0294082762a0505e4fb6800b8a9d037b60ed54f0c69cdfc37860034047d6004481c21f22dd43151b5e9334f0
  languageName: node
  linkType: hard

"through@npm:^2.3.6":
  version: 2.3.8
  resolution: "through@npm:2.3.8"
  checksum: 2/918d9151680b5355990011eb8c4b02e8cb8cf6e9fb6ea3d3e5a1faa688343789e261634ae35de4ea9167ab029d1e7bac6af2fe61b843931768d405fdc3e8897c
  languageName: node
  linkType: hard

"tmp@npm:^0.0.33":
  version: 0.0.33
  resolution: "tmp@npm:0.0.33"
  dependencies:
    os-tmpdir: ~1.0.2
  checksum: 2/77666ca424a78fcfcc27a6576f24f01aa1300b10d22e4f1808809e560777672dd2d4a112604ab2ad86ec7cafd24472b9ccc41373c2b5b83797f27e6aff06cbe5
  languageName: node
  linkType: hard

"tslib@npm:^1.9.0":
  version: 1.11.1
  resolution: "tslib@npm:1.11.1"
  checksum: 2/d40eba08de267b2d3c458ddbf51f9010a45b8e752d3bf8c0fed63e266afc9277c6a26e65e51223335b8753f9f106aeb600e704f2a6eae05729160671a97c52e7
  languageName: node
  linkType: hard

"type-fest@npm:^0.11.0":
  version: 0.11.0
  resolution: "type-fest@npm:0.11.0"
  checksum: 2/02e5cadf13590a5724cacf8d9133320efd173f6fb1b695fcb29e56551a315bf0f07ca988a780a1999b7b55bb3eaaa7f37223615207236d393af17bba6749dc95
  languageName: node
  linkType: hard

"universalify@npm:^0.1.0":
  version: 0.1.2
  resolution: "universalify@npm:0.1.2"
  checksum: 2/420fc6547357782c700d53e9a92506a8e95345b13e97684c8f9ab75237912ec2ebb6af8ac10d4f7406b7b6bd21c58f6c5c0811414fb0b4091b78b4743fa6806e
  languageName: node
  linkType: hard

"webpack-merge@npm:^4.2.2":
  version: 4.2.2
  resolution: "webpack-merge@npm:4.2.2"
  dependencies:
    lodash: ^4.17.15
  checksum: 2/038c6d8ba45f538ce8e4505a8a3d90fbd2e554ba2065bacffe4d7cff0229cce9f0d983bf56061f8e0fef86c711da7232f88681aab285c06673b3916b1040cd9e
  languageName: node
  linkType: hard

"which@npm:^1.2.9":
  version: 1.3.1
  resolution: "which@npm:1.3.1"
  dependencies:
    isexe: ^2.0.0
  bin:
    which: ./bin/which
  checksum: 2/298d95f9c185c4da22c1bfb1fdfa37c2ba56df8a6b98706ab361bf31a7d3a4845afaecfc48d4de7a259048842b5f2977f51b56f5c06c1f6a83dcf5a9e3de634a
  languageName: node
  linkType: hard

"which@npm:^2.0.1":
  version: 2.0.2
  resolution: "which@npm:2.0.2"
  dependencies:
    isexe: ^2.0.0
  bin:
    node-which: ./bin/node-which
  checksum: 2/ea9b1db1266b08f7880717cf70dd9012dd523e5a317f10fbe4d5e8c1a761c5fd237f88642f2ba33b23f973ff4002c9b26648d63084ab208d8ecef36497315f6e
  languageName: node
  linkType: hard

"yallist@npm:^2.1.2":
  version: 2.1.2
  resolution: "yallist@npm:2.1.2"
  checksum: 2/f83e3d18eeba68a0276be2ab09260be3f2a300307e84b1565c620ef71f03f106c3df9bec4c3a91e5fa621a038f8826c19b3786804d3795dd4f999e5b6be66ea3
  languageName: node
  linkType: hard
